# generated from the installed dist-info (name, version, wheel tag) + PyPI file hashes
aiohappyeyeballs==2.6.1 \
    --hash=sha256:f349ba8f4b75cb25c99c5c2d84e997e485204d2902a9597802b0371f09331fb8
aiohttp==3.13.3 \
    --hash=sha256:9d4c940f02f49483b18b079d1c27ab948721852b281f8b015c058100e9421dd1
aiosignal==1.4.0 \
    --hash=sha256:053243f8b92b990551949e63930a839ff0cf0b0ebbe0597b0f3fb19e1a0fe82e
annotated-doc==0.0.4 \
    --hash=sha256:571ac1dc6991c450b25a9c2d84a3705e2ae7a53467b5d111c24fa8baabbed320
annotated-types==0.7.0 \
    --hash=sha256:1f02e8b43a8fbbc3f3e0d4f0f4bfc8131bcb4eebe8849b8e5c773f3a1c582a53
anyio==4.12.1 \
    --hash=sha256:d405828884fc140aa80a3c667b8beed277f1dfedec42ba031bd6ac3db606ab6c
asgiref==3.11.1 \
    --hash=sha256:e8667a091e69529631969fd45dc268fa79b99c92c5fcdda727757e52146ec133
attrs==25.4.0 \
    --hash=sha256:adcf7e2a1fb3b36ac48d97835bb6d8ade15b8dcce26aba8bf1d14847b57a3373
backoff==2.2.1 \
    --hash=sha256:63579f9a0628e06278f7e47b7d7d5b6ce20dc65c5e96a6f3ca99a6adca0396e8
beautifulsoup4==4.14.3 \
    --hash=sha256:0918bfe44902e6ad8d57732ba310582e98da931428d231a5ecb9e7c703a735bb
boto3==1.43.62 \
    --hash=sha256:0bb298e7ffd72b91615df44bf71c417df80a29d844971e5d665b8bd743a4bb35
botocore==1.43.62 \
    --hash=sha256:76de153de1ba3e242b2e6df6a13ab8a3fb35d17db562462969e661457b63166e
build==1.4.0 \
    --hash=sha256:6a07c1b8eb6f2b311b96fcbdbce5dab5fe637ffda0fd83c9cac622e927501596
certifi==2026.2.25 \
    --hash=sha256:027692e4402ad994f1c42e52a4997a9763c646b73e4096e4d5d6db8af1d6f0fa
cffi==2.0.0 \
    --hash=sha256:8941aaadaf67246224cee8c3803777eed332a19d909b47e29c9842ef1e79ac26
cfgv==3.5.0 \
    --hash=sha256:a8dc6b26ad22ff227d2634a65cb388215ce6cc96bbcc5cfde7641ae87e8dacc0
charset-normalizer==3.4.6 \
    --hash=sha256:9cc4fc6c196d6a8b76629a70ddfcd4635a6898756e2d9cac5565cf0654605d73
click==8.3.1 \
    --hash=sha256:981153a64e25f12d547d3426c367a4857371575ee7ad18df2a6183ab0545b2a6
codespell==2.4.2 \
    --hash=sha256:97e0c1060cf46bd1d5db89a936c98db8c2b804e1fdd4b5c645e82a1ec6b1f886
cogapp==3.6.0 \
    --hash=sha256:6ea11c63221f92978d37d8d76208eadeae2a6e4641d323f165738a5464a19d32
ConfigArgParse==1.7.5 \
    --hash=sha256:1e63fdffedf94da9cd435fc13a1cd24777e76879dd2343912c1f871d4ac8c592
contourpy==1.3.3 \
    --hash=sha256:51e79c1f7470158e838808d4a996fa9bac72c498e93d8ebe5119bc1e6becb0db
coverage==7.13.4 \
    --hash=sha256:8e264226ec98e01a8e1054314af91ee6cde0eacac4f465cc93b03dbe0bce2fd7
cryptography==46.0.5 \
    --hash=sha256:4c3341037c136030cb46e4b1e17b7418ea4cbd9dd207e4a6f3b2b24e0d4ac731
cycler==0.12.1 \
    --hash=sha256:85cef7cff222d8644161529808465972e51340599459b8ac3ccbac5a854e0d30
diff-match-patch==20241021 \
    --hash=sha256:93cea333fb8b2bc0d181b0de5e16df50dd344ce64828226bda07728818936782
diskcache==5.6.3 \
    --hash=sha256:5e31b2d5fbad117cc363ebaf6b689474db18a1f6438bc82358b024abd4c2ca19
distlib==0.4.0 \
    --hash=sha256:9659f7d87e46584a30b5780e43ac7a2143098441670ff0a49d5f9034c54a6c16
distro==1.9.0 \
    --hash=sha256:7bffd925d65168f85027d8da9af6bddab658135b840670a223589bc0c8ef02b2
fastapi==0.135.1 \
    --hash=sha256:46e2fc5745924b7c840f71ddd277382af29ce1cdb7d5eab5bf697e3fb9999c9e
fastuuid==0.14.0 \
    --hash=sha256:bbb0c4b15d66b435d2538f3827f05e44e2baafcc003dd7d8472dc67807ab8fd8
filelock==3.25.2 \
    --hash=sha256:ca8afb0da15f229774c9ad1b455ed96e85a81373065fb10446672f64444ddf70
flake8==7.3.0 \
    --hash=sha256:b9696257b9ce8beb888cdbe31cf885c90d31928fe202be0889a7cdafad32f01e
fonttools==4.62.1 \
    --hash=sha256:1c5c25671ce8805e0d080e2ffdeca7f1e86778c5cbfbeae86d7f866d8830517b
frozenlist==1.8.0 \
    --hash=sha256:2552f44204b744fba866e573be4c1f9048d6a324dfe14475103fd51613eb1d1f
fsspec==2026.2.0 \
    --hash=sha256:98de475b5cb3bd66bedd5c4679e87b4fdfe1a3bf4d707b151b3c07e58c9a2437
gitdb==4.0.12 \
    --hash=sha256:67073e15955400952c6565cc3e707c554a4eea2e428946f7a4c162fab9bd9bcf
GitPython==3.1.46 \
    --hash=sha256:79812ed143d9d25b6d176a10bb511de0f9c67b1fa641d82097b0ab90398a2058
google-api-core==2.30.0 \
    --hash=sha256:80be49ee937ff9aba0fd79a6eddfde35fe658b9953ab9b79c57dd7061afa8df5
google-auth==2.49.1 \
    --hash=sha256:195ebe3dca18eddd1b3db5edc5189b76c13e96f29e73043b923ebcf3f1a860f7
google-cloud-bigquery==3.40.1 \
    --hash=sha256:9082a6b8193aba87bed6a2c79cf1152b524c99bb7e7ac33a785e333c09eac868
google-cloud-core==2.5.0 \
    --hash=sha256:67d977b41ae6c7211ee830c7912e41003ea8194bff15ae7d72fd6f51e57acabc
google-crc32c==1.8.0 \
    --hash=sha256:19b40d637a54cb71e0829179f6cb41835f0fbd9e8eb60552152a8b52c36cbe15
google-resumable-media==2.8.0 \
    --hash=sha256:dd14a116af303845a8d932ddae161a26e86cc229645bc98b39f026f9b1717582
googleapis-common-protos==1.73.0 \
    --hash=sha256:dfdaaa2e860f242046be561e6d6cb5c5f1541ae02cfbcb034371aadb2942b4e8
grep-ast==0.9.0 \
    --hash=sha256:a3973dca99f1abc026a01bbbc70e00a63860c8ff94a56182ff18b089836826d7
grpcio==1.78.0 \
    --hash=sha256:85f93781028ec63f383f6bc90db785a016319c561cc11151fbb7b34e0d012303
grpcio-status==1.78.0 \
    --hash=sha256:b492b693d4bf27b47a6c32590701724f1d3b9444b36491878fb71f6208857f34
h11==0.16.0 \
    --hash=sha256:63cf8bbe7522de3bf65932fda1d9c2772064ffb3dae62d55932da54b31cb6c86
hf-xet==1.4.2 \
    --hash=sha256:77e8c180b7ef12d8a96739a4e1e558847002afe9ea63b6f6358b2271a8bdda1c
httpcore==1.0.9 \
    --hash=sha256:2d400746a40668fc9dec9810239072b40b4484b640a8c38fd654a024c7a1bf55
httpx==0.28.1 \
    --hash=sha256:d909fcccc110f8c7faf814ca82a9a4d816bc5a6dbfea25d6591d6985b8ba59ad
huggingface_hub==1.7.1 \
    --hash=sha256:38c6cce7419bbde8caac26a45ed22b0cea24152a8961565d70ec21f88752bfaa
identify==2.6.18 \
    --hash=sha256:8db9d3c8ea9079db92cafb0ebf97abdc09d52e97f4dcf773a2e694048b7cd737
idna==3.11 \
    --hash=sha256:771a87f49d9defaf64091e6e6fe9c18d4833f140bd19464795bc32d966ca37ea
imgcat==0.6.0 \
    --hash=sha256:b3547b68adb3f1f9b611390e804c94ebd464a215858543cbf97df86fbcd7935c
importlib_metadata==7.2.1 \
    --hash=sha256:ffef94b0b66046dd8ea2d619b701fe978d9264d38f3998bc4c27ec3b146a87c8
importlib_resources==6.5.2 \
    --hash=sha256:789cfdc3ed28c78b67a06acb8126751ced69a3d5f79c095a98298cd8a760ccec
iniconfig==2.3.0 \
    --hash=sha256:f631c04d2c48c52b84d0d0549c99ff3859c98df65b3101406327ecc7d53fbf12
Jinja2==3.1.6 \
    --hash=sha256:85ece4451f492d0c13c5dd7c13a64681a86afae63a5f347908daf103ce6d2f67
jiter==0.13.0 \
    --hash=sha256:24ab43126d5e05f3d53a36a8e11eb2f23304c6c1117844aaaf9a0aa5e40b5018
jmespath==1.1.0 \
    --hash=sha256:a5663118de4908c91729bea0acadca56526eb2698e83de10cd116ae0f4e97c64
json5==0.13.0 \
    --hash=sha256:9a08e1dd65f6a4d4c6fa82d216cf2477349ec2346a38fd70cc11d2557499fbcc
jsonschema==4.26.0 \
    --hash=sha256:d489f15263b8d200f8387e64b4c3a75f06629559fb73deb8fdfb525f2dab50ce
jsonschema-specifications==2025.9.1 \
    --hash=sha256:98802fee3a11ee76ecaca44429fda8a41bff98b00a0f2838151b113f210cc6fe
kiwisolver==1.5.0 \
    --hash=sha256:2517e24d7315eb51c10664cdb865195df38ab74456c677df67bb47f12d088a27
litellm==1.82.3 \
    --hash=sha256:609901f6c5a5cf8c24386e4e3f50738bb8a9db719709fd76b208c8ee6d00f7a7
lox==1.0.0 \
    --hash=sha256:d6694e3cbf333c21e254d6490adb69540429bfdd5e12f5fafcb18925e8e687b1
markdown-it-py==4.0.0 \
    --hash=sha256:87327c59b172c5011896038353a81343b6754500a08cd7a4973bb48c6d578147
MarkupSafe==3.0.3 \
    --hash=sha256:0bf2a864d67e76e5c9a34dc26ec616a66b9888e25e7b9460e1c76d3293bd9dbf
matplotlib==3.10.8 \
    --hash=sha256:efb30e3baaea72ce5928e32bab719ab4770099079d66726a62b11b1ef7273be4
mccabe==0.7.0 \
    --hash=sha256:6c2d30ab6be0e4a46919781807b4f0d834ebdd6c6e3dca0bda5a15f863427b6e
mdurl==0.1.2 \
    --hash=sha256:84008a41e51615a49fc9966191ff91509e3c40b939176e643fd50a5c2196b8f8
mixpanel==5.0.0 \
    --hash=sha256:5c5fee75a304bd2940828a08a31f74fae7f02d5fe81914a851ed87e8884096ec
mslex==1.3.0 \
    --hash=sha256:c7074b347201b3466fc077c5692fbce9b5f62a63a51f537a53fbbd02eff2eea4
multidict==6.7.1 \
    --hash=sha256:439cbebd499f92e9aa6793016a8acaa161dfa749ae86d20960189f5398a19144
networkx==3.4.2 \
    --hash=sha256:df5d4365b724cf81b8c6a7312509d0c22386097011ad1abe274afd5e9d3bbc5f
nodeenv==1.10.0 \
    --hash=sha256:5bb13e3eed2923615535339b3c620e76779af4cb4c6a90deccc9e36b274d3827
numpy==2.4.3 \
    --hash=sha256:715de7f82e192e8cae5a507a347d97ad17598f8e026152ca97233e3666daaa71
openai==2.28.0 \
    --hash=sha256:79aa5c45dba7fef84085701c235cf13ba88485e1ef4f8dfcedc44fc2a698fc1d
orjson==3.11.7 \
    --hash=sha256:9c0b51672e466fd7e56230ffbae7f1639e18d0ce023351fb75da21b71bc2c960
oslex==0.1.3 \
    --hash=sha256:71acb8a1d42ed78ddd213a1d3a628bbf837f758bd2999c91df7ce57972466bdf
packaging==26.0 \
    --hash=sha256:b36f1fef9334a5588b4166f8bcd26a14e521f2b55e6b9de3aaa80d3ff7a37529
pandas==2.3.3 \
    --hash=sha256:b98560e98cb334799c0b07ca7967ac361a47326e9b4e5a7dfb5ab2b1c9d35a1b
pathspec==1.0.4 \
    --hash=sha256:fb6ae2fd4e7c921a165808a552060e722767cfa526f99ca5156ed2ce45a5c723
pexpect==4.9.0 \
    --hash=sha256:7236d1e080e4936be2dc3e326cec0af72acf9212a7e1d060210e70a47e253523
pillow==12.1.1 \
    --hash=sha256:597bd9c8419bc7c6af5604e55847789b69123bbe25d65cc6ad3012b4f3c98d8b
pip==26.0.1 \
    --hash=sha256:bdb1b08f4274833d62c1aa29e20907365a2ceb950410df15fc9521bad440122b
pip-tools==7.5.3 \
    --hash=sha256:3aac0c473240ae90db7213c033401f345b05197293ccbdd2704e52e7a783785e
platformdirs==4.9.4 \
    --hash=sha256:68a9a4619a666ea6439f2ff250c12a853cd1cbd5158d258bd824a7df6be2f868
pluggy==1.6.0 \
    --hash=sha256:e920276dd6813095e9377c0bc5566d94c932c33b27a3e3945d8389c374dd4746
posthog==7.9.12 \
    --hash=sha256:7175bd1698a566bfea98a016c64e3456399f8046aeeca8f1d04ae5bf6c5a38d0
pre_commit==4.5.1 \
    --hash=sha256:3b3afd891e97337708c1674210f8eba659b52a38ea5f822ff142d10786221f77
prompt_toolkit==3.0.52 \
    --hash=sha256:9aac639a3bbd33284347de5ad8d68ecc044b91a762dc39b7c21095fcd6a19955
propcache==0.4.1 \
    --hash=sha256:fd6f30fdcf9ae2a70abd34da54f18da086160e4d7d9251f81f3da0ff84fc5a48
proto-plus==1.27.1 \
    --hash=sha256:e4643061f3a4d0de092d62aa4ad09fa4756b2cbb89d4627f3985018216f9fefc
protobuf==6.33.5 \
    --hash=sha256:cbf16ba3350fb7b889fca858fb215967792dc125b35c7976ca4818bee3521cf0
psutil==7.2.2 \
    --hash=sha256:076a2d2f923fd4821644f5ba89f059523da90dc9014e85f8e45a5774ca5bc6f9
ptyprocess==0.7.0 \
    --hash=sha256:4b41f3967fce3af57cc7e94b888626c18bf37a083e3651ca8feeb66d492fef35
pyasn1==0.6.2 \
    --hash=sha256:1eb26d860996a18e9b6ed05e7aae0e9fc21619fcee6af91cca9bad4fbea224bf
pyasn1_modules==0.4.2 \
    --hash=sha256:29253a9207ce32b64c3ac6600edc75368f98473906e8fd1043bd6b5b1de2c14a
pycodestyle==2.14.0 \
    --hash=sha256:dd6bf7cb4ee77f8e016f9c8e74a35ddd9f67e1d5fd4184d86c3b98e07099f42d
pycparser==3.0 \
    --hash=sha256:b727414169a36b7d524c1c3e31839a521725078d7b2ff038656844266160a992
pydantic==2.12.5 \
    --hash=sha256:e561593fccf61e8a20fc46dfc2dfe075b8be7d0188df33f221ad1f0139180f9d
pydantic_core==2.41.5 \
    --hash=sha256:f31d95a179f8d64d90f6831d71fa93290893a33148d890ba15de25642c5d075b
pydub==0.25.1 \
    --hash=sha256:65617e33033874b59d87db603aa1ed450633288aefead953b30bded59cb599a6
pyflakes==3.4.0 \
    --hash=sha256:f742a7dbd0d9cb9ea41e9a24a918996e8170c799fa528688d40dd582c8265f4f
Pygments==2.19.2 \
    --hash=sha256:86540386c03d588bb81d44bc3928634ff26449851e99741617ecb9037ee5ec0b
pypandoc==1.17 \
    --hash=sha256:01fdbffa61edb9f8e82e8faad6954efcb7b6f8f0634aead4d89e322a00225a67
pyparsing==3.3.2 \
    --hash=sha256:850ba148bd908d7e2411587e247a1e4f0327839c40e2e5e6d05a007ecc69911d
pyperclip==1.11.0 \
    --hash=sha256:299403e9ff44581cb9ba2ffeed69c7aa96a008622ad0c46cb575ca75b5b84273
pyproject_hooks==1.2.0 \
    --hash=sha256:9e5c6bfa8dcc30091c74b0cf803c81fdd29d94f01992a7707bc97babb1141913
pytest==9.0.2 \
    --hash=sha256:711ffd45bf766d5264d487b917733b453d917afd2b0ad65223959f59089f875b
pytest-cov==7.0.0 \
    --hash=sha256:3b8e9558b16cc1479da72058bdecf8073661c7f57f7d3c5f22a1c23507f2d861
pytest-env==1.6.0 \
    --hash=sha256:1e7f8a62215e5885835daaed694de8657c908505b964ec8097a7ce77b403d9a3
python-dateutil==2.9.0.post0 \
    --hash=sha256:a8b2bc7bffae282281c8140a97d3aa9c14da0b136dfe83f850eea9a5f7470427
python-discovery==1.1.3 \
    --hash=sha256:90e795f0121bc84572e737c9aa9966311b9fde44ffb88a5953b3ec9b31c6945e
python-dotenv==1.2.2 \
    --hash=sha256:1d8214789a24de455a8b8bd8ae6fe3c6b69a5e3d64aa8a8e5d68e694bbcb285a
pytz==2026.1.post1 \
    --hash=sha256:f2fd16142fda348286a75e1a524be810bb05d444e5a081f37f7affc635035f7a
PyYAML==6.0.3 \
    --hash=sha256:b8bb0864c5a28024fac8a632c443c87c5aa6f215c0b126c449ae1a150412f31d
referencing==0.37.0 \
    --hash=sha256:381329a9f99628c9069361716891d34ad94af76e461dcb0335825aecc7692231
regex==2026.2.28 \
    --hash=sha256:e7ce83654d1ab701cb619285a18a8e5a889c1216d746ddc710c914ca5fd71022
requests==2.32.5 \
    --hash=sha256:2462f94637a34fd532264295e186976db0f5d453d1cdd31473c85a6a161affb6
rich==14.3.3 \
    --hash=sha256:793431c1f8619afa7d3b52b2cdec859562b950ea0d4b6b505397612db8d5362d
rpds-py==0.30.0 \
    --hash=sha256:33f559f3104504506a44bb666b93a33f5d33133765b0c216a5bf2f1e1503af89
s3transfer==0.19.2 \
    --hash=sha256:d8168eccca828cbb2cd573675333f3bddd254313a9c42494b84c76b539e8ba25
scipy==1.17.1 \
    --hash=sha256:43af8d1f3bea642559019edfe64e9b11192a8978efbd1539d7bc2aaa23d92de4
semver==3.0.4 \
    --hash=sha256:9c824d87ba7f7ab4a1890799cec8596f15c1241cb473404ea1cb0c55e4b04746
setuptools==82.0.1 \
    --hash=sha256:a59e362652f08dcd477c78bb6e7bd9d80a7995bc73ce773050228a348ce2e5bb
shellingham==1.5.4 \
    --hash=sha256:7ecfff8f2fd72616f7481040475a65b2bf8af90a56c89140852d1120324e8686
shtab==1.8.0 \
    --hash=sha256:f0922a82174b4007e06ac0bac4f79abd826c5cca88e201bfd927f889803c571d
six==1.17.0 \
    --hash=sha256:4721f391ed90541fddacab5acf947aa0d3dc7d27b2e1e8eda2be8970586c3274
smmap==5.0.3 \
    --hash=sha256:c106e05d5a61449cf6ba9a1e650227ecfb141590d2a98412103ff35d89fc7b2f
sniffio==1.3.1 \
    --hash=sha256:2f6da418d1f1e0fddd844478f41680e794e6051915791a034ff65e5f100525a2
socksio==1.0.0 \
    --hash=sha256:95dc1f15f9b34e8d7b16f06d74b8ccf48f609af32ab33c608d08761c5dcbb1f3
sounddevice==0.5.5 \
    --hash=sha256:30ff99f6c107f49d25ad16a45cacd8d91c25a1bcdd3e81a206b921a3a6405b1f
soundfile==0.13.1 \
    --hash=sha256:03267c4e493315294834a0870f31dbb3b28a95561b80b134f0bd3cf2d5f0e618
soupsieve==2.8.3 \
    --hash=sha256:ed64f2ba4eebeab06cc4962affce381647455978ffc1e36bb79a545b91f45a95
starlette==0.52.1 \
    --hash=sha256:0029d43eb3d273bc4f83a08720b4912ea4b071087a3b48db01b7c839f7954d74
tiktoken==0.12.0 \
    --hash=sha256:47a5bc270b8c3db00bb46ece01ef34ad050e364b51d406b6f9730b64ac28eded
tokenizers==0.22.2 \
    --hash=sha256:369cc9fc8cc10cb24143873a0d95438bb8ee257bb80c71989e3ee290e8d72c67
tqdm==4.67.3 \
    --hash=sha256:ee1e4c0e59148062281c49d80b25b67771a127c85fc9676d3be5f243206826bf
tree-sitter==0.25.2 \
    --hash=sha256:3e65ae456ad0d210ee71a89ee112ac7e72e6c2e5aac1b95846ecc7afa68a194c
tree-sitter-c-sharp==0.23.1 \
    --hash=sha256:035d259e64c41d02cc45afc3b8b46388b232e7d16d84734d851cca7334761da5
tree-sitter-embedded-template==0.25.0 \
    --hash=sha256:a7c88c3dd8b94b3c9efe8ae071ff6b1b936a27ac5f6e651845c3b9631fa4c1c2
tree-sitter-language-pack==0.13.0 \
    --hash=sha256:0d4f261fce387ae040dae7e4d1c1aca63d84c88320afcc0961c123bec0be8377
tree-sitter-yaml==0.7.2 \
    --hash=sha256:f1a5c60c98b6c4c037aae023569f020d0c489fad8dc26fdfd5510363c9c29a41
typer==0.24.1 \
    --hash=sha256:112c1f0ce578bfb4cab9ffdabc68f031416ebcc216536611ba21f04e9aa84c9e
typing_extensions==4.15.0 \
    --hash=sha256:f0fa19c6845758ab08074a0cfa8b7aecb71c999ca73d62883bc25cc018c4e548
typing-inspection==0.4.2 \
    --hash=sha256:4ed1cacbdc298c220f1bd249ed5287caa16f34d44ef4e9c3d0cbad5b521545e7
tzdata==2025.3 \
    --hash=sha256:06a47e5700f3081aab02b2e513160914ff0694bce9947d6b76ebd6bf57cfc5d1
urllib3==2.6.3 \
    --hash=sha256:bf272323e553dfb2e87d9bfd225ca7b0f467b919d7bbd355436d3fd37cb0acd4
uv==0.10.11 \
    --hash=sha256:a0b807dcb997f44f9bbe3e8b99429a07d7c4b6e7bee39573d92c3a84170f18cf
virtualenv==21.2.0 \
    --hash=sha256:1bd755b504931164a5a496d217c014d098426cddc79363ad66ac78125f9d908f
watchfiles==1.1.1 \
    --hash=sha256:aebfd0861a83e6c3d1110b78ad54704486555246e542be3e2bb94195eabb2606
wcwidth==0.6.0 \
    --hash=sha256:1a3a1e510b553315f8e146c54764f4fb6264ffad731b3d78088cdb1478ffbdad
wheel==0.46.3 \
    --hash=sha256:4b399d56c9d9338230118d705d9737a2a468ccca63d5e813e2a4fc7815d8bc4d
yarl==1.23.0 \
    --hash=sha256:99c8a9ed30f4164bc4c14b37a90208836cbf50d4ce2a57c71d0f52c7fb4f7598
zipp==3.23.0 \
    --hash=sha256:071652d6115ed432f5ce1d34c336c0adfd6a884660d1e9712a256d3d3bd4b14e
