py312/iniconfig-2.3.0-py3-none-any.whl
py312/numpy-2.2.6-cp312-cp312-manylinux_2_17_x86_64.manylinux2014_x86_64.whl
py312/packaging-26.3-py3-none-any.whl
py312/pandas-2.3.0-cp312-cp312-manylinux_2_17_x86_64.manylinux2014_x86_64.whl
py312/pip-25.1.1-py3-none-any.whl
py312/pluggy-1.6.0-py3-none-any.whl
py312/pyarrow-20.0.0-cp312-cp312-manylinux_2_17_x86_64.manylinux2014_x86_64.whl
py312/pygments-2.20.0-py3-none-any.whl
py312/pytest-8.4.1-py3-none-any.whl
py312/python_dateutil-2.9.0.post0-py2.py3-none-any.whl
py312/pytz-2026.3.post1-py2.py3-none-any.whl
py312/PyYAML-6.0.2-cp312-cp312-manylinux_2_17_x86_64.manylinux2014_x86_64.whl
py312/six-1.17.0-py2.py3-none-any.whl
py312/tzdata-2026.3-py2.py3-none-any.whl
py313/iniconfig-2.3.0-py3-none-any.whl
py313/packaging-26.3-py3-none-any.whl
py313/pip-25.1.1-py3-none-any.whl
py313/pluggy-1.6.0-py3-none-any.whl
py313/pygments-2.20.0-py3-none-any.whl
py313/pytest-8.4.1-py3-none-any.whl
